
Microsoft Visual Studio Solution File, Format Version 12.00
# Visual Studio Version 16
VisualStudioVersion = 16.0.29519.87
MinimumVisualStudioVersion = 10.0.40219.1
Project("{FAE04EC0-301F-11D3-BF4B-00C04F79EFBC}") = "Feeder", "Feeder\Feeder.csproj", "{3E21A660-3160-45D0-8AC5-074A3A3CA989}"
EndProject
Project("{FAE04EC0-301F-11D3-BF4B-00C04F79EFBC}") = "Consumer", "Consumer\Consumer.csproj", "{CBFEF315-49AD-4753-A72B-C1A0A6A1037E}"
EndProject
Project("{FAE04EC0-301F-11D3-BF4B-00C04F79EFBC}") = "XmlConfigureApp", "XmlConfigureApp\XmlConfigureApp.csproj", "{DA7BC65E-A4C5-47AB-AB2B-E602AF518551}"
EndProject
Global
	GlobalSection(SolutionConfigurationPlatforms) = preSolution
		Debug|Any CPU = Debug|Any CPU
		Release|Any CPU = Release|Any CPU
	EndGlobalSection
	GlobalSection(ProjectConfigurationPlatforms) = postSolution
		{3E21A660-3160-45D0-8AC5-074A3A3CA989}.Debug|Any CPU.ActiveCfg = Debug|Any CPU
		{3E21A660-3160-45D0-8AC5-074A3A3CA989}.Debug|Any CPU.Build.0 = Debug|Any CPU
		{3E21A660-3160-45D0-8AC5-074A3A3CA989}.Release|Any CPU.ActiveCfg = Release|Any CPU
		{3E21A660-3160-45D0-8AC5-074A3A3CA989}.Release|Any CPU.Build.0 = Release|Any CPU
		{CBFEF315-49AD-4753-A72B-C1A0A6A1037E}.Debug|Any CPU.ActiveCfg = Debug|Any CPU
		{CBFEF315-49AD-4753-A72B-C1A0A6A1037E}.Debug|Any CPU.Build.0 = Debug|Any CPU
		{CBFEF315-49AD-4753-A72B-C1A0A6A1037E}.Release|Any CPU.ActiveCfg = Release|Any CPU
		{CBFEF315-49AD-4753-A72B-C1A0A6A1037E}.Release|Any CPU.Build.0 = Release|Any CPU
		{DA7BC65E-A4C5-47AB-AB2B-E602AF518551}.Debug|Any CPU.ActiveCfg = Debug|Any CPU
		{DA7BC65E-A4C5-47AB-AB2B-E602AF518551}.Debug|Any CPU.Build.0 = Debug|Any CPU
		{DA7BC65E-A4C5-47AB-AB2B-E602AF518551}.Release|Any CPU.ActiveCfg = Release|Any CPU
		{DA7BC65E-A4C5-47AB-AB2B-E602AF518551}.Release|Any CPU.Build.0 = Release|Any CPU
	EndGlobalSection
	GlobalSection(SolutionProperties) = preSolution
		HideSolutionNode = FALSE
	EndGlobalSection
	GlobalSection(ExtensibilityGlobals) = postSolution
		SolutionGuid = {F0D82ACB-C488-4FFB-8F80-2279047D709B}
	EndGlobalSection
EndGlobal
